
Microsoft Visual Studio Solution File, Format Version 12.00
# Visual Studio Version 17
VisualStudioVersion = 17.0.31903.59
MinimumVisualStudioVersion = 10.0.40219.1
Project("{2150E333-8FDC-42A3-9474-1A3956D46DE8}") = "src", "src", "{827E0CD3-B72D-47B6-A68D-7590B98EB39B}"
EndProject
Project("{FAE04EC0-301F-11D3-BF4B-00C04F79EFBC}") = "AgentContextKit.Cli", "src\AgentContextKit.Cli\AgentContextKit.Cli.csproj", "{DA0CC9D3-6C10-48BC-A31D-F7587018BA58}"
EndProject
Project("{FAE04EC0-301F-11D3-BF4B-00C04F79EFBC}") = "AgentContextKit.Core", "src\AgentContextKit.Core\AgentContextKit.Core.csproj", "{CD2F4E26-25E5-441E-91C0-BDD9A286E29E}"
EndProject
Project("{2150E333-8FDC-42A3-9474-1A3956D46DE8}") = "tests", "tests", "{0AB3BF05-4346-4AA6-1389-037BE0695223}"
EndProject
Project("{FAE04EC0-301F-11D3-BF4B-00C04F79EFBC}") = "AgentContextKit.Tests", "tests\AgentContextKit.Tests\AgentContextKit.Tests.csproj", "{A373985A-45C6-4713-82B2-B8F52C31FCE5}"
EndProject
Global
	GlobalSection(SolutionConfigurationPlatforms) = preSolution
		Debug|Any CPU = Debug|Any CPU
		Debug|x64 = Debug|x64
		Debug|x86 = Debug|x86
		Release|Any CPU = Release|Any CPU
		Release|x64 = Release|x64
		Release|x86 = Release|x86
	EndGlobalSection
	GlobalSection(ProjectConfigurationPlatforms) = postSolution
		{DA0CC9D3-6C10-48BC-A31D-F7587018BA58}.Debug|Any CPU.ActiveCfg = Debug|Any CPU
		{DA0CC9D3-6C10-48BC-A31D-F7587018BA58}.Debug|Any CPU.Build.0 = Debug|Any CPU
		{DA0CC9D3-6C10-48BC-A31D-F7587018BA58}.Debug|x64.ActiveCfg = Debug|Any CPU
		{DA0CC9D3-6C10-48BC-A31D-F7587018BA58}.Debug|x64.Build.0 = Debug|Any CPU
		{DA0CC9D3-6C10-48BC-A31D-F7587018BA58}.Debug|x86.ActiveCfg = Debug|Any CPU
		{DA0CC9D3-6C10-48BC-A31D-F7587018BA58}.Debug|x86.Build.0 = Debug|Any CPU
		{DA0CC9D3-6C10-48BC-A31D-F7587018BA58}.Release|Any CPU.ActiveCfg = Release|Any CPU
		{DA0CC9D3-6C10-48BC-A31D-F7587018BA58}.Release|Any CPU.Build.0 = Release|Any CPU
		{DA0CC9D3-6C10-48BC-A31D-F7587018BA58}.Release|x64.ActiveCfg = Release|Any CPU
		{DA0CC9D3-6C10-48BC-A31D-F7587018BA58}.Release|x64.Build.0 = Release|Any CPU
		{DA0CC9D3-6C10-48BC-A31D-F7587018BA58}.Release|x86.ActiveCfg = Release|Any CPU
		{DA0CC9D3-6C10-48BC-A31D-F7587018BA58}.Release|x86.Build.0 = Release|Any CPU
		{CD2F4E26-25E5-441E-91C0-BDD9A286E29E}.Debug|Any CPU.ActiveCfg = Debug|Any CPU
		{CD2F4E26-25E5-441E-91C0-BDD9A286E29E}.Debug|Any CPU.Build.0 = Debug|Any CPU
		{CD2F4E26-25E5-441E-91C0-BDD9A286E29E}.Debug|x64.ActiveCfg = Debug|Any CPU
		{CD2F4E26-25E5-441E-91C0-BDD9A286E29E}.Debug|x64.Build.0 = Debug|Any CPU
		{CD2F4E26-25E5-441E-91C0-BDD9A286E29E}.Debug|x86.ActiveCfg = Debug|Any CPU
		{CD2F4E26-25E5-441E-91C0-BDD9A286E29E}.Debug|x86.Build.0 = Debug|Any CPU
		{CD2F4E26-25E5-441E-91C0-BDD9A286E29E}.Release|Any CPU.ActiveCfg = Release|Any CPU
		{CD2F4E26-25E5-441E-91C0-BDD9A286E29E}.Release|Any CPU.Build.0 = Release|Any CPU
		{CD2F4E26-25E5-441E-91C0-BDD9A286E29E}.Release|x64.ActiveCfg = Release|Any CPU
		{CD2F4E26-25E5-441E-91C0-BDD9A286E29E}.Release|x64.Build.0 = Release|Any CPU
		{CD2F4E26-25E5-441E-91C0-BDD9A286E29E}.Release|x86.ActiveCfg = Release|Any CPU
		{CD2F4E26-25E5-441E-91C0-BDD9A286E29E}.Release|x86.Build.0 = Release|Any CPU
		{A373985A-45C6-4713-82B2-B8F52C31FCE5}.Debug|Any CPU.ActiveCfg = Debug|Any CPU
		{A373985A-45C6-4713-82B2-B8F52C31FCE5}.Debug|Any CPU.Build.0 = Debug|Any CPU
		{A373985A-45C6-4713-82B2-B8F52C31FCE5}.Debug|x64.ActiveCfg = Debug|Any CPU
		{A373985A-45C6-4713-82B2-B8F52C31FCE5}.Debug|x64.Build.0 = Debug|Any CPU
		{A373985A-45C6-4713-82B2-B8F52C31FCE5}.Debug|x86.ActiveCfg = Debug|Any CPU
		{A373985A-45C6-4713-82B2-B8F52C31FCE5}.Debug|x86.Build.0 = Debug|Any CPU
		{A373985A-45C6-4713-82B2-B8F52C31FCE5}.Release|Any CPU.ActiveCfg = Release|Any CPU
		{A373985A-45C6-4713-82B2-B8F52C31FCE5}.Release|Any CPU.Build.0 = Release|Any CPU
		{A373985A-45C6-4713-82B2-B8F52C31FCE5}.Release|x64.ActiveCfg = Release|Any CPU
		{A373985A-45C6-4713-82B2-B8F52C31FCE5}.Release|x64.Build.0 = Release|Any CPU
		{A373985A-45C6-4713-82B2-B8F52C31FCE5}.Release|x86.ActiveCfg = Release|Any CPU
		{A373985A-45C6-4713-82B2-B8F52C31FCE5}.Release|x86.Build.0 = Release|Any CPU
	EndGlobalSection
	GlobalSection(SolutionProperties) = preSolution
		HideSolutionNode = FALSE
	EndGlobalSection
	GlobalSection(NestedProjects) = preSolution
		{DA0CC9D3-6C10-48BC-A31D-F7587018BA58} = {827E0CD3-B72D-47B6-A68D-7590B98EB39B}
		{CD2F4E26-25E5-441E-91C0-BDD9A286E29E} = {827E0CD3-B72D-47B6-A68D-7590B98EB39B}
		{A373985A-45C6-4713-82B2-B8F52C31FCE5} = {0AB3BF05-4346-4AA6-1389-037BE0695223}
	EndGlobalSection
EndGlobal
